// !$*UTF8*$!
{
	archiveVersion = 1;
	classes = {
	};
	objectVersion = 48;
	objects = {

/* Begin PBXBuildFile section */
		AAA1DEF81F881018007C67A8 /* ViewController.swift in Sources */ = {isa = PBXBuildFile; fileRef = AAA1DEF71F881018007C67A8 /* ViewController.swift */; };
		AAFFB0C21F817FCB000EB974 /* AppDelegate.swift in Sources */ = {isa = PBXBuildFile; fileRef = AAFFB0C11F817FCB000EB974 /* AppDelegate.swift */; };
		AAFFB0C61F817FCB000EB974 /* Assets.xcassets in Resources */ = {isa = PBXBuildFile; fileRef = AAFFB0C51F817FCB000EB974 /* Assets.xcassets */; };
		AAFFB0C91F817FCB000EB974 /* Main.storyboard in Resources */ = {isa = PBXBuildFile; fileRef = AAFFB0C71F817FCB000EB974 /* Main.storyboard */; };
		AAFFB0D21F817FD7000EB974 /* zAmbiLightController.swift in Sources */ = {isa = PBXBuildFile; fileRef = AAFFB0D11F817FD7000EB974 /* zAmbiLightController.swift */; };
		E5F68702238146BD3E283FBE /* Pods_AmbiLiFi.framework in Frameworks */ = {isa = PBXBuildFile; fileRef = F58DAD5D3D1554897400DEC3 /* Pods_AmbiLiFi.framework */; };
/* End PBXBuildFile section */

/* Begin PBXFileReference section */
		AAA1DEF71F881018007C67A8 /* ViewController.swift */ = {isa = PBXFileReference; lastKnownFileType = sourcecode.swift; path = ViewController.swift; sourceTree = "<group>"; };
		AAFFB0BE1F817FCB000EB974 /* AmbiLiFi.app */ = {isa = PBXFileReference; explicitFileType = wrapper.application; includeInIndex = 0; path = AmbiLiFi.app; sourceTree = BUILT_PRODUCTS_DIR; };
		AAFFB0C11F817FCB000EB974 /* AppDelegate.swift */ = {isa = PBXFileReference; lastKnownFileType = sourcecode.swift; path = AppDelegate.swift; sourceTree = "<group>"; };
		AAFFB0C51F817FCB000EB974 /* Assets.xcassets */ = {isa = PBXFileReference; lastKnownFileType = folder.assetcatalog; path = Assets.xcassets; sourceTree = "<group>"; };
		AAFFB0C81F817FCB000EB974 /* Base */ = {isa = PBXFileReference; lastKnownFileType = file.storyboard; name = Base; path = Base.lproj/Main.storyboard; sourceTree = "<group>"; };
		AAFFB0CA1F817FCB000EB974 /* Info.plist */ = {isa = PBXFileReference; lastKnownFileType = text.plist.xml; path = Info.plist; sourceTree = "<group>"; };
		AAFFB0CB1F817FCB000EB974 /* AmbiLiFi.entitlements */ = {isa = PBXFileReference; lastKnownFileType = text.plist.entitlements; path = AmbiLiFi.entitlements; sourceTree = "<group>"; };
		AAFFB0D11F817FD7000EB974 /* zAmbiLightController.swift */ = {isa = PBXFileReference; lastKnownFileType = sourcecode.swift; path = zAmbiLightController.swift; sourceTree = "<group>"; };
		E0469CBF1C2F28ECA31792FD /* Pods-AmbiLiFi.release.xcconfig */ = {isa = PBXFileReference; includeInIndex = 1; lastKnownFileType = text.xcconfig; name = "Pods-AmbiLiFi.release.xcconfig"; path = "Pods/Target Support Files/Pods-AmbiLiFi/Pods-AmbiLiFi.release.xcconfig"; sourceTree = "<group>"; };
		F58DAD5D3D1554897400DEC3 /* Pods_AmbiLiFi.framework */ = {isa = PBXFileReference; explicitFileType = wrapper.framework; includeInIndex = 0; path = Pods_AmbiLiFi.framework; sourceTree = BUILT_PRODUCTS_DIR; };
		F7312BABF56B78F9E74A269C /* Pods-AmbiLiFi.debug.xcconfig */ = {isa = PBXFileReference; includeInIndex = 1; lastKnownFileType = text.xcconfig; name = "Pods-AmbiLiFi.debug.xcconfig"; path = "Pods/Target Support Files/Pods-AmbiLiFi/Pods-AmbiLiFi.debug.xcconfig"; sourceTree = "<group>"; };
/* End PBXFileReference section */

/* Begin PBXFrameworksBuildPhase section */
		AAFFB0BB1F817FCB000EB974 /* Frameworks */ = {
			isa = PBXFrameworksBuildPhase;
			buildActionMask = 2147483647;
			files = (
				E5F68702238146BD3E283FBE /* Pods_AmbiLiFi.framework in Frameworks */,
			);
			runOnlyForDeploymentPostprocessing = 0;
		};
/* End PBXFrameworksBuildPhase section */

/* Begin PBXGroup section */
		98B9F2561967504CED212767 /* Frameworks */ = {
			isa = PBXGroup;
			children = (
				F58DAD5D3D1554897400DEC3 /* Pods_AmbiLiFi.framework */,
			);
			name = Frameworks;
			sourceTree = "<group>";
		};
		9EBF55ACEC54E6CC4C26AF19 /* Pods */ = {
			isa = PBXGroup;
			children = (
				F7312BABF56B78F9E74A269C /* Pods-AmbiLiFi.debug.xcconfig */,
				E0469CBF1C2F28ECA31792FD /* Pods-AmbiLiFi.release.xcconfig */,
			);
			name = Pods;
			sourceTree = "<group>";
		};
		AAFFB0B51F817FCB000EB974 = {
			isa = PBXGroup;
			children = (
				AAFFB0C01F817FCB000EB974 /* AmbiLiFi */,
				AAFFB0BF1F817FCB000EB974 /* Products */,
				9EBF55ACEC54E6CC4C26AF19 /* Pods */,
				98B9F2561967504CED212767 /* Frameworks */,
			);
			sourceTree = "<group>";
		};
		AAFFB0BF1F817FCB000EB974 /* Products */ = {
			isa = PBXGroup;
			children = (
				AAFFB0BE1F817FCB000EB974 /* AmbiLiFi.app */,
			);
			name = Products;
			sourceTree = "<group>";
		};
		AAFFB0C01F817FCB000EB974 /* AmbiLiFi */ = {
			isa = PBXGroup;
			children = (
				AAFFB0C11F817FCB000EB974 /* AppDelegate.swift */,
				AAA1DEF71F881018007C67A8 /* ViewController.swift */,
				AAFFB0D11F817FD7000EB974 /* zAmbiLightController.swift */,
				AAFFB0C51F817FCB000EB974 /* Assets.xcassets */,
				AAFFB0C71F817FCB000EB974 /* Main.storyboard */,
				AAFFB0CA1F817FCB000EB974 /* Info.plist */,
				AAFFB0CB1F817FCB000EB974 /* AmbiLiFi.entitlements */,
			);
			path = AmbiLiFi;
			sourceTree = "<group>";
		};
/* End PBXGroup section */

/* Begin PBXNativeTarget section */
		AAFFB0BD1F817FCB000EB974 /* AmbiLiFi */ = {
			isa = PBXNativeTarget;
			buildConfigurationList = AAFFB0CE1F817FCB000EB974 /* Build configuration list for PBXNativeTarget "AmbiLiFi" */;
			buildPhases = (
				8DBA252816E21CE30AB244A0 /* [CP] Check Pods Manifest.lock */,
				AAFFB0BA1F817FCB000EB974 /* Sources */,
				AAFFB0BB1F817FCB000EB974 /* Frameworks */,
				AAFFB0BC1F817FCB000EB974 /* Resources */,
				257AFB6713595A4DB67392FC /* [CP] Embed Pods Frameworks */,
				A428347E8A7148295A87B38A /* [CP] Copy Pods Resources */,
			);
			buildRules = (
			);
			dependencies = (
			);
			name = AmbiLiFi;
			productName = AmbiLiFi;
			productReference = AAFFB0BE1F817FCB000EB974 /* AmbiLiFi.app */;
			productType = "com.apple.product-type.application";
		};
/* End PBXNativeTarget section */

/* Begin PBXProject section */
		AAFFB0B61F817FCB000EB974 /* Project object */ = {
			isa = PBXProject;
			attributes = {
				LastSwiftUpdateCheck = 0900;
				LastUpgradeCheck = 0900;
				ORGANIZATIONNAME = AppDVision;
				TargetAttributes = {
					AAFFB0BD1F817FCB000EB974 = {
						CreatedOnToolsVersion = 9.0;
						ProvisioningStyle = Automatic;
					};
				};
			};
			buildConfigurationList = AAFFB0B91F817FCB000EB974 /* Build configuration list for PBXProject "AmbiLiFi" */;
			compatibilityVersion = "Xcode 8.0";
			developmentRegion = en;
			hasScannedForEncodings = 0;
			knownRegions = (
				en,
				Base,
			);
			mainGroup = AAFFB0B51F817FCB000EB974;
			productRefGroup = AAFFB0BF1F817FCB000EB974 /* Products */;
			projectDirPath = "";
			projectRoot = "";
			targets = (
				AAFFB0BD1F817FCB000EB974 /* AmbiLiFi */,
			);
		};
/* End PBXProject section */

/* Begin PBXResourcesBuildPhase section */
		AAFFB0BC1F817FCB000EB974 /* Resources */ = {
			isa = PBXResourcesBuildPhase;
			buildActionMask = 2147483647;
			files = (
				AAFFB0C61F817FCB000EB974 /* Assets.xcassets in Resources */,
				AAFFB0C91F817FCB000EB974 /* Main.storyboard in Resources */,
			);
			runOnlyForDeploymentPostprocessing = 0;
		};
/* End PBXResourcesBuildPhase section */

/* Begin PBXShellScriptBuildPhase section */
		257AFB6713595A4DB67392FC /* [CP] Embed Pods Frameworks */ = {
			isa = PBXShellScriptBuildPhase;
			buildActionMask = 2147483647;
			files = (
			);
			inputPaths = (
				"${SRCROOT}/Pods/Target Support Files/Pods-AmbiLiFi/Pods-AmbiLiFi-frameworks.sh",
				"${BUILT_PRODUCTS_DIR}/Alamofire/Alamofire.framework",
				"${BUILT_PRODUCTS_DIR}/HexColors/HexColors.framework",
			);
			name = "[CP] Embed Pods Frameworks";
			outputPaths = (
				"${TARGET_BUILD_DIR}/${FRAMEWORKS_FOLDER_PATH}/Alamofire.framework",
				"${TARGET_BUILD_DIR}/${FRAMEWORKS_FOLDER_PATH}/HexColors.framework",
			);
			runOnlyForDeploymentPostprocessing = 0;
			shellPath = /bin/sh;
			shellScript = "\"${SRCROOT}/Pods/Target Support Files/Pods-AmbiLiFi/Pods-AmbiLiFi-frameworks.sh\"\n";
			showEnvVarsInLog = 0;
		};
		8DBA252816E21CE30AB244A0 /* [CP] Check Pods Manifest.lock */ = {
			isa = PBXShellScriptBuildPhase;
			buildActionMask = 2147483647;
			files = (
			);
			inputPaths = (
				"${PODS_PODFILE_DIR_PATH}/Podfile.lock",
				"${PODS_ROOT}/Manifest.lock",
			);
			name = "[CP] Check Pods Manifest.lock";
			outputPaths = (
				"$(DERIVED_FILE_DIR)/Pods-AmbiLiFi-checkManifestLockResult.txt",
			);
			runOnlyForDeploymentPostprocessing = 0;
			shellPath = /bin/sh;
			shellScript = "diff \"${PODS_PODFILE_DIR_PATH}/Podfile.lock\" \"${PODS_ROOT}/Manifest.lock\" > /dev/null\nif [ $? != 0 ] ; then\n    # print error to STDERR\n    echo \"error: The sandbox is not in sync with the Podfile.lock. Run 'pod install' or update your CocoaPods installation.\" >&2\n    exit 1\nfi\n# This output is used by Xcode 'outputs' to avoid re-running this script phase.\necho \"SUCCESS\" > \"${SCRIPT_OUTPUT_FILE_0}\"\n";
			showEnvVarsInLog = 0;
		};
		A428347E8A7148295A87B38A /* [CP] Copy Pods Resources */ = {
			isa = PBXShellScriptBuildPhase;
			buildActionMask = 2147483647;
			files = (
			);
			inputPaths = (
			);
			name = "[CP] Copy Pods Resources";
			outputPaths = (
			);
			runOnlyForDeploymentPostprocessing = 0;
			shellPath = /bin/sh;
			shellScript = "\"${SRCROOT}/Pods/Target Support Files/Pods-AmbiLiFi/Pods-AmbiLiFi-resources.sh\"\n";
			showEnvVarsInLog = 0;
		};
/* End PBXShellScriptBuildPhase section */

/* Begin PBXSourcesBuildPhase section */
		AAFFB0BA1F817FCB000EB974 /* Sources */ = {
			isa = PBXSourcesBuildPhase;
			buildActionMask = 2147483647;
			files = (
				AAA1DEF81F881018007C67A8 /* ViewController.swift in Sources */,
				AAFFB0D21F817FD7000EB974 /* zAmbiLightController.swift in Sources */,
				AAFFB0C21F817FCB000EB974 /* AppDelegate.swift in Sources */,
			);
			runOnlyForDeploymentPostprocessing = 0;
		};
/* End PBXSourcesBuildPhase section */

/* Begin PBXVariantGroup section */
		AAFFB0C71F817FCB000EB974 /* Main.storyboard */ = {
			isa = PBXVariantGroup;
			children = (
				AAFFB0C81F817FCB000EB974 /* Base */,
			);
			name = Main.storyboard;
			sourceTree = "<group>";
		};
/* End PBXVariantGroup section */

/* Begin XCBuildConfiguration section */
		AAFFB0CC1F817FCB000EB974 /* Debug */ = {
			isa = XCBuildConfiguration;
			buildSettings = {
				ALWAYS_SEARCH_USER_PATHS = NO;
				CLANG_ANALYZER_NONNULL = YES;
				CLANG_ANALYZER_NUMBER_OBJECT_CONVERSION = YES_AGGRESSIVE;
				CLANG_CXX_LANGUAGE_STANDARD = "gnu++14";
				CLANG_CXX_LIBRARY = "libc++";
				CLANG_ENABLE_MODULES = YES;
				CLANG_ENABLE_OBJC_ARC = YES;
				CLANG_WARN_BLOCK_CAPTURE_AUTORELEASING = YES;
				CLANG_WARN_BOOL_CONVERSION = YES;
				CLANG_WARN_COMMA = YES;
				CLANG_WARN_CONSTANT_CONVERSION = YES;
				CLANG_WARN_DIRECT_OBJC_ISA_USAGE = YES_ERROR;
				CLANG_WARN_DOCUMENTATION_COMMENTS = YES;
				CLANG_WARN_EMPTY_BODY = YES;
				CLANG_WARN_ENUM_CONVERSION = YES;
				CLANG_WARN_INFINITE_RECURSION = YES;
				CLANG_WARN_INT_CONVERSION = YES;
				CLANG_WARN_NON_LITERAL_NULL_CONVERSION = YES;
				CLANG_WARN_OBJC_LITERAL_CONVERSION = YES;
				CLANG_WARN_OBJC_ROOT_CLASS = YES_ERROR;
				CLANG_WARN_RANGE_LOOP_ANALYSIS = YES;
				CLANG_WARN_STRICT_PROTOTYPES = YES;
				CLANG_WARN_SUSPICIOUS_MOVE = YES;
				CLANG_WARN_UNGUARDED_AVAILABILITY = YES_AGGRESSIVE;
				CLANG_WARN_UNREACHABLE_CODE = YES;
				CLANG_WARN__DUPLICATE_METHOD_MATCH = YES;
				CODE_SIGN_IDENTITY = "Mac Developer";
				COPY_PHASE_STRIP = NO;
				DEBUG_INFORMATION_FORMAT = dwarf;
				ENABLE_STRICT_OBJC_MSGSEND = YES;
				ENABLE_TESTABILITY = YES;
				GCC_C_LANGUAGE_STANDARD = gnu11;
				GCC_DYNAMIC_NO_PIC = NO;
				GCC_NO_COMMON_BLOCKS = YES;
				GCC_OPTIMIZATION_LEVEL = 0;
				GCC_PREPROCESSOR_DEFINITIONS = (
					"DEBUG=1",
					"$(inherited)",
				);
				GCC_WARN_64_TO_32_BIT_CONVERSION = YES;
				GCC_WARN_ABOUT_RETURN_TYPE = YES_ERROR;
				GCC_WARN_UNDECLARED_SELECTOR = YES;
				GCC_WARN_UNINITIALIZED_AUTOS = YES_AGGRESSIVE;
				GCC_WARN_UNUSED_FUNCTION = YES;
				GCC_WARN_UNUSED_VARIABLE = YES;
				MACOSX_DEPLOYMENT_TARGET = 10.13;
				MTL_ENABLE_DEBUG_INFO = YES;
				ONLY_ACTIVE_ARCH = YES;
				SDKROOT = macosx;
				SWIFT_ACTIVE_COMPILATION_CONDITIONS = DEBUG;
				SWIFT_OPTIMIZATION_LEVEL = "-Onone";
			};
			name = Debug;
		};
		AAFFB0CD1F817FCB000EB974 /* Release */ = {
			isa = XCBuildConfiguration;
			buildSettings = {
				ALWAYS_SEARCH_USER_PATHS = NO;
				CLANG_ANALYZER_NONNULL = YES;
				CLANG_ANALYZER_NUMBER_OBJECT_CONVERSION = YES_AGGRESSIVE;
				CLANG_CXX_LANGUAGE_STANDARD = "gnu++14";
				CLANG_CXX_LIBRARY = "libc++";
				CLANG_ENABLE_MODULES = YES;
				CLANG_ENABLE_OBJC_ARC = YES;
				CLANG_WARN_BLOCK_CAPTURE_AUTORELEASING = YES;
				CLANG_WARN_BOOL_CONVERSION = YES;
				CLANG_WARN_COMMA = YES;
				CLANG_WARN_CONSTANT_CONVERSION = YES;
				CLANG_WARN_DIRECT_OBJC_ISA_USAGE = YES_ERROR;
				CLANG_WARN_DOCUMENTATION_COMMENTS = YES;
				CLANG_WARN_EMPTY_BODY = YES;
				CLANG_WARN_ENUM_CONVERSION = YES;
				CLANG_WARN_INFINITE_RECURSION = YES;
				CLANG_WARN_INT_CONVERSION = YES;
				CLANG_WARN_NON_LITERAL_NULL_CONVERSION = YES;
				CLANG_WARN_OBJC_LITERAL_CONVERSION = YES;
				CLANG_WARN_OBJC_ROOT_CLASS = YES_ERROR;
				CLANG_WARN_RANGE_LOOP_ANALYSIS = YES;
				CLANG_WARN_STRICT_PROTOTYPES = YES;
				CLANG_WARN_SUSPICIOUS_MOVE = YES;
				CLANG_WARN_UNGUARDED_AVAILABILITY = YES_AGGRESSIVE;
				CLANG_WARN_UNREACHABLE_CODE = YES;
				CLANG_WARN__DUPLICATE_METHOD_MATCH = YES;
				CODE_SIGN_IDENTITY = "Mac Developer";
				COPY_PHASE_STRIP = NO;
				DEBUG_INFORMATION_FORMAT = "dwarf-with-dsym";
				ENABLE_NS_ASSERTIONS = NO;
				ENABLE_STRICT_OBJC_MSGSEND = YES;
				GCC_C_LANGUAGE_STANDARD = gnu11;
				GCC_NO_COMMON_BLOCKS = YES;
				GCC_WARN_64_TO_32_BIT_CONVERSION = YES;
				GCC_WARN_ABOUT_RETURN_TYPE = YES_ERROR;
				GCC_WARN_UNDECLARED_SELECTOR = YES;
				GCC_WARN_UNINITIALIZED_AUTOS = YES_AGGRESSIVE;
				GCC_WARN_UNUSED_FUNCTION = YES;
				GCC_WARN_UNUSED_VARIABLE = YES;
				MACOSX_DEPLOYMENT_TARGET = 10.13;
				MTL_ENABLE_DEBUG_INFO = NO;
				SDKROOT = macosx;
				SWIFT_OPTIMIZATION_LEVEL = "-Owholemodule";
			};
			name = Release;
		};
		AAFFB0CF1F817FCB000EB974 /* Debug */ = {
			isa = XCBuildConfiguration;
			baseConfigurationReference = F7312BABF56B78F9E74A269C /* Pods-AmbiLiFi.debug.xcconfig */;
			buildSettings = {
				ASSETCATALOG_COMPILER_APPICON_NAME = AppIcon;
				CODE_SIGN_ENTITLEMENTS = AmbiLiFi/AmbiLiFi.entitlements;
				CODE_SIGN_STYLE = Automatic;
				COMBINE_HIDPI_IMAGES = YES;
				DEVELOPMENT_TEAM = AV7AKG76AW;
				INFOPLIST_FILE = AmbiLiFi/Info.plist;
				LD_RUNPATH_SEARCH_PATHS = "$(inherited) @executable_path/../Frameworks";
				PRODUCT_BUNDLE_IDENTIFIER = com.AppDVision.AmbiLiFi;
				PRODUCT_NAME = "$(TARGET_NAME)";
				SWIFT_VERSION = 4.0;
			};
			name = Debug;
		};
		AAFFB0D01F817FCB000EB974 /* Release */ = {
			isa = XCBuildConfiguration;
			baseConfigurationReference = E0469CBF1C2F28ECA31792FD /* Pods-AmbiLiFi.release.xcconfig */;
			buildSettings = {
				ASSETCATALOG_COMPILER_APPICON_NAME = AppIcon;
				CODE_SIGN_ENTITLEMENTS = AmbiLiFi/AmbiLiFi.entitlements;
				CODE_SIGN_STYLE = Automatic;
				COMBINE_HIDPI_IMAGES = YES;
				DEVELOPMENT_TEAM = AV7AKG76AW;
				INFOPLIST_FILE = AmbiLiFi/Info.plist;
				LD_RUNPATH_SEARCH_PATHS = "$(inherited) @executable_path/../Frameworks";
				PRODUCT_BUNDLE_IDENTIFIER = com.AppDVision.AmbiLiFi;
				PRODUCT_NAME = "$(TARGET_NAME)";
				SWIFT_VERSION = 4.0;
			};
			name = Release;
		};
/* End XCBuildConfiguration section */

/* Begin XCConfigurationList section */
		AAFFB0B91F817FCB000EB974 /* Build configuration list for PBXProject "AmbiLiFi" */ = {
			isa = XCConfigurationList;
			buildConfigurations = (
				AAFFB0CC1F817FCB000EB974 /* Debug */,
				AAFFB0CD1F817FCB000EB974 /* Release */,
			);
			defaultConfigurationIsVisible = 0;
			defaultConfigurationName = Release;
		};
		AAFFB0CE1F817FCB000EB974 /* Build configuration list for PBXNativeTarget "AmbiLiFi" */ = {
			isa = XCConfigurationList;
			buildConfigurations = (
				AAFFB0CF1F817FCB000EB974 /* Debug */,
				AAFFB0D01F817FCB000EB974 /* Release */,
			);
			defaultConfigurationIsVisible = 0;
			defaultConfigurationName = Release;
		};
/* End XCConfigurationList section */
	};
	rootObject = AAFFB0B61F817FCB000EB974 /* Project object */;
}
